
Microsoft Visual Studio Solution File, Format Version 12.00
# Visual Studio Version 16
VisualStudioVersion = 16.0.30611.23
MinimumVisualStudioVersion = 10.0.40219.1
Project("{FAE04EC0-301F-11D3-BF4B-00C04F79EFBC}") = "CSVLabOne", "CSVLabOne.csproj", "{2AC8AA6D-9D55-4F0A-A284-3078A0A26F0E}"
EndProject
Global
	GlobalSection(SolutionConfigurationPlatforms) = preSolution
		Debug|Any CPU = Debug|Any CPU
		Release|Any CPU = Release|Any CPU
	EndGlobalSection
	GlobalSection(ProjectConfigurationPlatforms) = postSolution
		{2AC8AA6D-9D55-4F0A-A284-3078A0A26F0E}.Debug|Any CPU.ActiveCfg = Debug|Any CPU
		{2AC8AA6D-9D55-4F0A-A284-3078A0A26F0E}.Debug|Any CPU.Build.0 = Debug|Any CPU
		{2AC8AA6D-9D55-4F0A-A284-3078A0A26F0E}.Release|Any CPU.ActiveCfg = Release|Any CPU
		{2AC8AA6D-9D55-4F0A-A284-3078A0A26F0E}.Release|Any CPU.Build.0 = Release|Any CPU
	EndGlobalSection
	GlobalSection(SolutionProperties) = preSolution
		HideSolutionNode = FALSE
	EndGlobalSection
	GlobalSection(ExtensibilityGlobals) = postSolution
		SolutionGuid = {5174FC33-7EC9-417D-82A9-E1785894C5A6}
	EndGlobalSection
EndGlobal
